<?xml version="1.0" encoding="utf-8"?>
<Project ToolsVersion="4.0" xmlns="http://schemas.microsoft.com/developer/msbuild/2003">
  <ItemGroup>
    <Filter Include="Source Files">
      <UniqueIdentifier>{4FC737F1-C7A5-4376-A066-2A32D752A2FF}</UniqueIdentifier>
      <Extensions>cpp;c;cc;cxx;c++;cppm;ixx;def;odl;idl;hpj;bat;asm;asmx</Extensions>
    </Filter>
    <Filter Include="Header Files">
      <UniqueIdentifier>{93995380-89BD-4b04-88EB-625FBE52EBFB}</UniqueIdentifier>
      <Extensions>h;hh;hpp;hxx;h++;hm;inl;inc;ipp;xsd</Extensions>
    </Filter>
    <Filter Include="Resource Files">
      <UniqueIdentifier>{67DA6AB6-F800-4c08-8B7A-83BB121AAD01}</UniqueIdentifier>
      <Extensions>rc;ico;cur;bmp;dlg;rc2;rct;bin;rgs;gif;jpg;jpeg;jpe;resx;tiff;tif;png;wav;mfcribbon-ms</Extensions>
    </Filter>
  </ItemGroup>
  <ItemGroup>
    <ClCompile Include="Telescope.cpp">
      <Filter>Source Files</Filter>
    </ClCompile>
    <ClCompile Include="DBManager.cpp">
      <Filter>Source Files</Filter>
    </ClCompile>
    <ClCompile Include="DB.cpp">
      <Filter>Source Files</Filter>
    </ClCompile>
    <ClCompile Include="FISpectrum.cpp">
      <Filter>Source Files</Filter>
    </ClCompile>
    <ClCompile Include="FastXCorr.cpp">
      <Filter>Source Files</Filter>
    </ClCompile>
    <ClCompile Include="Threading.cpp">
      <Filter>Source Files</Filter>
    </ClCompile>
    <ClCompile Include="FIManager.cpp">
      <Filter>Source Files</Filter>
    </ClCompile>
    <ClCompile Include="FragmentIonIndexXL.cpp">
      <Filter>Source Files</Filter>
    </ClCompile>
    <ClCompile Include="SpectrumGenerator.cpp">
      <Filter>Source Files</Filter>
    </ClCompile>
    <ClCompile Include="TopScore.cpp">
      <Filter>Source Files</Filter>
    </ClCompile>
    <ClCompile Include="FIMemoryManager.cpp">
      <Filter>Source Files</Filter>
    </ClCompile>
    <ClCompile Include="DataLoader.cpp">
      <Filter>Source Files</Filter>
    </ClCompile>
    <ClCompile Include="FIMask.cpp">
      <Filter>Source Files</Filter>
    </ClCompile>
    <ClCompile Include="ResultsExporter.cpp">
      <Filter>Source Files</Filter>
    </ClCompile>
  </ItemGroup>
  <ItemGroup>
    <ClInclude Include="DBManager.h">
      <Filter>Header Files</Filter>
    </ClInclude>
    <ClInclude Include="DB.h">
      <Filter>Header Files</Filter>
    </ClInclude>
    <ClInclude Include="FISpectrum.h">
      <Filter>Header Files</Filter>
    </ClInclude>
    <ClInclude Include="FastXCorr.h">
      <Filter>Header Files</Filter>
    </ClInclude>
    <ClInclude Include="FIManager.h">
      <Filter>Header Files</Filter>
    </ClInclude>
    <ClInclude Include="OSSpecificThreading.h">
      <Filter>Header Files</Filter>
    </ClInclude>
    <ClInclude Include="Threading.h">
      <Filter>Header Files</Filter>
    </ClInclude>
    <ClInclude Include="ThreadPool.h">
      <Filter>Header Files</Filter>
    </ClInclude>
    <ClInclude Include="FragmentIonIndexXL.h">
      <Filter>Header Files</Filter>
    </ClInclude>
    <ClInclude Include="SpectrumGenerator.h">
      <Filter>Header Files</Filter>
    </ClInclude>
    <ClInclude Include="TopScore.h">
      <Filter>Header Files</Filter>
    </ClInclude>
    <ClInclude Include="FIMemoryManager.h">
      <Filter>Header Files</Filter>
    </ClInclude>
    <ClInclude Include="DataLoader.h">
      <Filter>Header Files</Filter>
    </ClInclude>
    <ClInclude Include="GlobalDefinitions.h">
      <Filter>Header Files</Filter>
    </ClInclude>
    <ClInclude Include="FIMask.h">
      <Filter>Header Files</Filter>
    </ClInclude>
    <ClInclude Include="ResultsExporter.h">
      <Filter>Header Files</Filter>
    </ClInclude>
  </ItemGroup>
</Project>