<?xml version="1.0" encoding="utf-8"?>
<Project ToolsVersion="4.0" xmlns="http://schemas.microsoft.com/developer/msbuild/2003">
  <ItemGroup>
    <Filter Include="Source Files">
      <UniqueIdentifier>{4FC737F1-C7A5-4376-A066-2A32D752A2FF}</UniqueIdentifier>
      <Extensions>cpp;c;cc;cxx;c++;cppm;ixx;def;odl;idl;hpj;bat;asm;asmx</Extensions>
    </Filter>
    <Filter Include="Header Files">
      <UniqueIdentifier>{93995380-89BD-4b04-88EB-625FBE52EBFB}</UniqueIdentifier>
      <Extensions>h;hh;hpp;hxx;h++;hm;inl;inc;ipp;xsd</Extensions>
    </Filter>
    <Filter Include="Resource Files">
      <UniqueIdentifier>{67DA6AB6-F800-4c08-8B7A-83BB121AAD01}</UniqueIdentifier>
      <Extensions>rc;ico;cur;bmp;dlg;rc2;rct;bin;rgs;gif;jpg;jpeg;jpe;resx;tiff;tif;png;wav;mfcribbon-ms</Extensions>
    </Filter>
  </ItemGroup>
  <ItemGroup>
    <ClCompile Include="..\src\Telescope.cpp">
      <Filter>Source Files</Filter>
    </ClCompile>
    <ClCompile Include="..\src\DBManager.cpp">
      <Filter>Source Files</Filter>
    </ClCompile>
    <ClCompile Include="..\src\DB.cpp">
      <Filter>Source Files</Filter>
    </ClCompile>
    <ClCompile Include="..\src\FISpectrum.cpp">
      <Filter>Source Files</Filter>
    </ClCompile>
    <ClCompile Include="..\src\FastXCorr.cpp">
      <Filter>Source Files</Filter>
    </ClCompile>
    <ClCompile Include="..\src\Threading.cpp">
      <Filter>Source Files</Filter>
    </ClCompile>
    <ClCompile Include="..\src\FIManager.cpp">
      <Filter>Source Files</Filter>
    </ClCompile>
    <ClCompile Include="..\src\FragmentIonIndex.cpp">
      <Filter>Source Files</Filter>
    </ClCompile>
    <ClCompile Include="..\src\TopScore.cpp">
      <Filter>Source Files</Filter>
    </ClCompile>
    <ClCompile Include="..\src\FIMemoryManager.cpp">
      <Filter>Source Files</Filter>
    </ClCompile>
    <ClCompile Include="..\src\DataLoader.cpp">
      <Filter>Source Files</Filter>
    </ClCompile>
    <ClCompile Include="..\src\FIMask.cpp">
      <Filter>Source Files</Filter>
    </ClCompile>
    <ClCompile Include="..\src\ResultsExporter.cpp">
      <Filter>Source Files</Filter>
    </ClCompile>
    <ClCompile Include="..\src\TelescopeManager.cpp">
      <Filter>Source Files</Filter>
    </ClCompile>
    <ClCompile Include="..\src\ParamsManager.cpp">
      <Filter>Source Files</Filter>
    </ClCompile>
  </ItemGroup>
  <ItemGroup>
    <ClInclude Include="..\src\DBManager.h">
      <Filter>Header Files</Filter>
    </ClInclude>
    <ClInclude Include="..\src\DB.h">
      <Filter>Header Files</Filter>
    </ClInclude>
    <ClInclude Include="..\src\FISpectrum.h">
      <Filter>Header Files</Filter>
    </ClInclude>
    <ClInclude Include="..\src\FastXCorr.h">
      <Filter>Header Files</Filter>
    </ClInclude>
    <ClInclude Include="..\src\FIManager.h">
      <Filter>Header Files</Filter>
    </ClInclude>
    <ClInclude Include="..\src\OSSpecificThreading.h">
      <Filter>Header Files</Filter>
    </ClInclude>
    <ClInclude Include="..\src\Threading.h">
      <Filter>Header Files</Filter>
    </ClInclude>
    <ClInclude Include="..\src\ThreadPool.h">
      <Filter>Header Files</Filter>
    </ClInclude>
    <ClInclude Include="..\src\FragmentIonIndex.h">
      <Filter>Header Files</Filter>
    </ClInclude>
    <ClInclude Include="..\src\TopScore.h">
      <Filter>Header Files</Filter>
    </ClInclude>
    <ClInclude Include="..\src\FIMemoryManager.h">
      <Filter>Header Files</Filter>
    </ClInclude>
    <ClInclude Include="..\src\DataLoader.h">
      <Filter>Header Files</Filter>
    </ClInclude>
    <ClInclude Include="..\src\GlobalDefinitions.h">
      <Filter>Header Files</Filter>
    </ClInclude>
    <ClInclude Include="..\src\FIMask.h">
      <Filter>Header Files</Filter>
    </ClInclude>
    <ClInclude Include="..\src\ResultsExporter.h">
      <Filter>Header Files</Filter>
    </ClInclude>
    <ClInclude Include="..\src\TelescopeManager.h">
      <Filter>Header Files</Filter>
    </ClInclude>
    <ClInclude Include="..\src\ParamsManager.h">
      <Filter>Header Files</Filter>
    </ClInclude>
  </ItemGroup>
</Project>